
Microsoft Visual Studio Solution File, Format Version 12.00
# Visual Studio 15
VisualStudioVersion = 15.0.26730.16
MinimumVisualStudioVersion = 10.0.40219.1
Project("{9A19103F-16F7-4668-BE54-9A1E7A4F7556}") = "Troubleshooting.SDK", "Troubleshooting.SDK\Troubleshooting.SDK.csproj", "{349F79F7-E42F-40B8-971E-BCF1304FF3D2}"
	ProjectSection(ProjectDependencies) = postProject
		{7FE1C01C-27A0-42D8-B60E-33D07CA38449} = {7FE1C01C-27A0-42D8-B60E-33D07CA38449}
		{7B141856-8FE6-431B-B7A0-8FC435B2432D} = {7B141856-8FE6-431B-B7A0-8FC435B2432D}
		{1774FA81-ACC8-443E-8E11-758B0F314CCF} = {1774FA81-ACC8-443E-8E11-758B0F314CCF}
		{20EAAA86-0C34-4242-A886-C8E298624F36} = {20EAAA86-0C34-4242-A886-C8E298624F36}
	EndProjectSection
EndProject
Project("{9A19103F-16F7-4668-BE54-9A1E7A4F7556}") = "Troubleshooting.Calculator", "Troubleshooting.Calculator\Troubleshooting.Calculator.csproj", "{1774FA81-ACC8-443E-8E11-758B0F314CCF}"
EndProject
Project("{9A19103F-16F7-4668-BE54-9A1E7A4F7556}") = "Troubleshooting.Common", "Troubleshooting.Common\Troubleshooting.Common.csproj", "{7B141856-8FE6-431B-B7A0-8FC435B2432D}"
EndProject
Project("{9A19103F-16F7-4668-BE54-9A1E7A4F7556}") = "Troubleshooting.Generator", "Troubleshooting.Generator\Troubleshooting.Generator.csproj", "{20EAAA86-0C34-4242-A886-C8E298624F36}"
	ProjectSection(ProjectDependencies) = postProject
		{7B141856-8FE6-431B-B7A0-8FC435B2432D} = {7B141856-8FE6-431B-B7A0-8FC435B2432D}
	EndProjectSection
EndProject
Project("{FAE04EC0-301F-11D3-BF4B-00C04F79EFBC}") = "Troubleshooting.Decisions", "Troubleshooting.Decider\Troubleshooting.Decisions.csproj", "{7FE1C01C-27A0-42D8-B60E-33D07CA38449}"
	ProjectSection(ProjectDependencies) = postProject
		{7B141856-8FE6-431B-B7A0-8FC435B2432D} = {7B141856-8FE6-431B-B7A0-8FC435B2432D}
	EndProjectSection
EndProject
Global
	GlobalSection(SolutionConfigurationPlatforms) = preSolution
		Debug|Any CPU = Debug|Any CPU
		Release|Any CPU = Release|Any CPU
	EndGlobalSection
	GlobalSection(ProjectConfigurationPlatforms) = postSolution
		{349F79F7-E42F-40B8-971E-BCF1304FF3D2}.Debug|Any CPU.ActiveCfg = Debug|Any CPU
		{349F79F7-E42F-40B8-971E-BCF1304FF3D2}.Debug|Any CPU.Build.0 = Debug|Any CPU
		{349F79F7-E42F-40B8-971E-BCF1304FF3D2}.Release|Any CPU.ActiveCfg = Release|Any CPU
		{349F79F7-E42F-40B8-971E-BCF1304FF3D2}.Release|Any CPU.Build.0 = Release|Any CPU
		{1774FA81-ACC8-443E-8E11-758B0F314CCF}.Debug|Any CPU.ActiveCfg = Debug|Any CPU
		{1774FA81-ACC8-443E-8E11-758B0F314CCF}.Debug|Any CPU.Build.0 = Debug|Any CPU
		{1774FA81-ACC8-443E-8E11-758B0F314CCF}.Release|Any CPU.ActiveCfg = Release|Any CPU
		{1774FA81-ACC8-443E-8E11-758B0F314CCF}.Release|Any CPU.Build.0 = Release|Any CPU
		{7B141856-8FE6-431B-B7A0-8FC435B2432D}.Debug|Any CPU.ActiveCfg = Debug|Any CPU
		{7B141856-8FE6-431B-B7A0-8FC435B2432D}.Debug|Any CPU.Build.0 = Debug|Any CPU
		{7B141856-8FE6-431B-B7A0-8FC435B2432D}.Release|Any CPU.ActiveCfg = Release|Any CPU
		{7B141856-8FE6-431B-B7A0-8FC435B2432D}.Release|Any CPU.Build.0 = Release|Any CPU
		{20EAAA86-0C34-4242-A886-C8E298624F36}.Debug|Any CPU.ActiveCfg = Debug|Any CPU
		{20EAAA86-0C34-4242-A886-C8E298624F36}.Debug|Any CPU.Build.0 = Debug|Any CPU
		{20EAAA86-0C34-4242-A886-C8E298624F36}.Release|Any CPU.ActiveCfg = Release|Any CPU
		{20EAAA86-0C34-4242-A886-C8E298624F36}.Release|Any CPU.Build.0 = Release|Any CPU
		{7FE1C01C-27A0-42D8-B60E-33D07CA38449}.Debug|Any CPU.ActiveCfg = Debug|Any CPU
		{7FE1C01C-27A0-42D8-B60E-33D07CA38449}.Debug|Any CPU.Build.0 = Debug|Any CPU
		{7FE1C01C-27A0-42D8-B60E-33D07CA38449}.Release|Any CPU.ActiveCfg = Release|Any CPU
		{7FE1C01C-27A0-42D8-B60E-33D07CA38449}.Release|Any CPU.Build.0 = Release|Any CPU
	EndGlobalSection
	GlobalSection(SolutionProperties) = preSolution
		HideSolutionNode = FALSE
	EndGlobalSection
	GlobalSection(ExtensibilityGlobals) = postSolution
		SolutionGuid = {393165B7-E14D-4F5F-863A-395737567D5E}
	EndGlobalSection
EndGlobal
